
Microsoft Visual Studio Solution File, Format Version 12.00
# Visual Studio Version 17
VisualStudioVersion = 17.0.31903.59
MinimumVisualStudioVersion = 10.0.40219.1
Project("{FAE04EC0-301F-11D3-BF4B-00C04F79EFBC}") = "API", "API\API.csproj", "{B2AF595F-C734-4DEB-9CD5-A354C28C8C0C}"
EndProject
Project("{FAE04EC0-301F-11D3-BF4B-00C04F79EFBC}") = "Application", "Application\Application.csproj", "{48E7AC37-1D38-44B7-BC91-9BE2A0EBB121}"
EndProject
Project("{FAE04EC0-301F-11D3-BF4B-00C04F79EFBC}") = "Domain", "Domain\Domain.csproj", "{538A2294-811B-438B-A697-594E0ACEB43C}"
EndProject
Project("{FAE04EC0-301F-11D3-BF4B-00C04F79EFBC}") = "Persistence", "Persistence\Persistence.csproj", "{86D25DA7-8AC3-46A3-9537-CB05470A32A9}"
EndProject
Global
	GlobalSection(SolutionConfigurationPlatforms) = preSolution
		Debug|Any CPU = Debug|Any CPU
		Release|Any CPU = Release|Any CPU
	EndGlobalSection
	GlobalSection(SolutionProperties) = preSolution
		HideSolutionNode = FALSE
	EndGlobalSection
	GlobalSection(ProjectConfigurationPlatforms) = postSolution
		{B2AF595F-C734-4DEB-9CD5-A354C28C8C0C}.Debug|Any CPU.ActiveCfg = Debug|Any CPU
		{B2AF595F-C734-4DEB-9CD5-A354C28C8C0C}.Debug|Any CPU.Build.0 = Debug|Any CPU
		{B2AF595F-C734-4DEB-9CD5-A354C28C8C0C}.Release|Any CPU.ActiveCfg = Release|Any CPU
		{B2AF595F-C734-4DEB-9CD5-A354C28C8C0C}.Release|Any CPU.Build.0 = Release|Any CPU
		{48E7AC37-1D38-44B7-BC91-9BE2A0EBB121}.Debug|Any CPU.ActiveCfg = Debug|Any CPU
		{48E7AC37-1D38-44B7-BC91-9BE2A0EBB121}.Debug|Any CPU.Build.0 = Debug|Any CPU
		{48E7AC37-1D38-44B7-BC91-9BE2A0EBB121}.Release|Any CPU.ActiveCfg = Release|Any CPU
		{48E7AC37-1D38-44B7-BC91-9BE2A0EBB121}.Release|Any CPU.Build.0 = Release|Any CPU
		{538A2294-811B-438B-A697-594E0ACEB43C}.Debug|Any CPU.ActiveCfg = Debug|Any CPU
		{538A2294-811B-438B-A697-594E0ACEB43C}.Debug|Any CPU.Build.0 = Debug|Any CPU
		{538A2294-811B-438B-A697-594E0ACEB43C}.Release|Any CPU.ActiveCfg = Release|Any CPU
		{538A2294-811B-438B-A697-594E0ACEB43C}.Release|Any CPU.Build.0 = Release|Any CPU
		{86D25DA7-8AC3-46A3-9537-CB05470A32A9}.Debug|Any CPU.ActiveCfg = Debug|Any CPU
		{86D25DA7-8AC3-46A3-9537-CB05470A32A9}.Debug|Any CPU.Build.0 = Debug|Any CPU
		{86D25DA7-8AC3-46A3-9537-CB05470A32A9}.Release|Any CPU.ActiveCfg = Release|Any CPU
		{86D25DA7-8AC3-46A3-9537-CB05470A32A9}.Release|Any CPU.Build.0 = Release|Any CPU
	EndGlobalSection
EndGlobal
